
Microsoft Visual Studio Solution File, Format Version 12.00
# Visual Studio Version 17
VisualStudioVersion = 17.8.34525.116
MinimumVisualStudioVersion = 10.0.40219.1
Project("{9A19103F-16F7-4668-BE54-9A1E7A4F7556}") = "ProjektRadius", "ProjektRadius\ProjektRadius.csproj", "{6DB1FD91-E0C1-444C-B3AB-9E6493A46162}"
EndProject
Project("{9A19103F-16F7-4668-BE54-9A1E7A4F7556}") = "testProjekt", "testProjekt\testProjekt.csproj", "{D3559810-E6BB-49D6-98C3-F9D3D9443106}"
EndProject
Project("{9A19103F-16F7-4668-BE54-9A1E7A4F7556}") = "DoriGE", "DoriGE\DoriGE\DoriGE.csproj", "{3069DC66-C1D0-45A2-B2E2-683DD32DFA2D}"
EndProject
Global
	GlobalSection(SolutionConfigurationPlatforms) = preSolution
		Debug|Any CPU = Debug|Any CPU
		Release|Any CPU = Release|Any CPU
	EndGlobalSection
	GlobalSection(ProjectConfigurationPlatforms) = postSolution
		{6DB1FD91-E0C1-444C-B3AB-9E6493A46162}.Debug|Any CPU.ActiveCfg = Debug|Any CPU
		{6DB1FD91-E0C1-444C-B3AB-9E6493A46162}.Debug|Any CPU.Build.0 = Debug|Any CPU
		{6DB1FD91-E0C1-444C-B3AB-9E6493A46162}.Debug|Any CPU.Deploy.0 = Debug|Any CPU
		{6DB1FD91-E0C1-444C-B3AB-9E6493A46162}.Release|Any CPU.ActiveCfg = Release|Any CPU
		{6DB1FD91-E0C1-444C-B3AB-9E6493A46162}.Release|Any CPU.Build.0 = Release|Any CPU
		{6DB1FD91-E0C1-444C-B3AB-9E6493A46162}.Release|Any CPU.Deploy.0 = Release|Any CPU
		{D3559810-E6BB-49D6-98C3-F9D3D9443106}.Debug|Any CPU.ActiveCfg = Debug|Any CPU
		{D3559810-E6BB-49D6-98C3-F9D3D9443106}.Debug|Any CPU.Build.0 = Debug|Any CPU
		{D3559810-E6BB-49D6-98C3-F9D3D9443106}.Debug|Any CPU.Deploy.0 = Debug|Any CPU
		{D3559810-E6BB-49D6-98C3-F9D3D9443106}.Release|Any CPU.ActiveCfg = Release|Any CPU
		{D3559810-E6BB-49D6-98C3-F9D3D9443106}.Release|Any CPU.Build.0 = Release|Any CPU
		{D3559810-E6BB-49D6-98C3-F9D3D9443106}.Release|Any CPU.Deploy.0 = Release|Any CPU
		{3069DC66-C1D0-45A2-B2E2-683DD32DFA2D}.Debug|Any CPU.ActiveCfg = Debug|Any CPU
		{3069DC66-C1D0-45A2-B2E2-683DD32DFA2D}.Debug|Any CPU.Build.0 = Debug|Any CPU
		{3069DC66-C1D0-45A2-B2E2-683DD32DFA2D}.Release|Any CPU.ActiveCfg = Release|Any CPU
		{3069DC66-C1D0-45A2-B2E2-683DD32DFA2D}.Release|Any CPU.Build.0 = Release|Any CPU
	EndGlobalSection
	GlobalSection(SolutionProperties) = preSolution
		HideSolutionNode = FALSE
	EndGlobalSection
	GlobalSection(ExtensibilityGlobals) = postSolution
		SolutionGuid = {4FE7427C-61DA-4850-82ED-705506A53CB8}
	EndGlobalSection
EndGlobal
